
Microsoft Visual Studio Solution File, Format Version 12.00
# Visual Studio 15
VisualStudioVersion = 15.0.27703.2042
MinimumVisualStudioVersion = 10.0.40219.1
Project("{FAE04EC0-301F-11D3-BF4B-00C04F79EFBC}") = "Strategy", "Strategy\Strategy.csproj", "{C726795F-7B1C-42FC-B767-12F00B5C9C4A}"
EndProject
Global
	GlobalSection(SolutionConfigurationPlatforms) = preSolution
		Debug|Any CPU = Debug|Any CPU
		Release|Any CPU = Release|Any CPU
	EndGlobalSection
	GlobalSection(ProjectConfigurationPlatforms) = postSolution
		{C726795F-7B1C-42FC-B767-12F00B5C9C4A}.Debug|Any CPU.ActiveCfg = Debug|Any CPU
		{C726795F-7B1C-42FC-B767-12F00B5C9C4A}.Debug|Any CPU.Build.0 = Debug|Any CPU
		{C726795F-7B1C-42FC-B767-12F00B5C9C4A}.Release|Any CPU.ActiveCfg = Release|Any CPU
		{C726795F-7B1C-42FC-B767-12F00B5C9C4A}.Release|Any CPU.Build.0 = Release|Any CPU
	EndGlobalSection
	GlobalSection(SolutionProperties) = preSolution
		HideSolutionNode = FALSE
	EndGlobalSection
	GlobalSection(ExtensibilityGlobals) = postSolution
		SolutionGuid = {08EC29E9-A35E-4556-98DE-81E8AA01CE62}
	EndGlobalSection
EndGlobal
